
Microsoft Visual Studio Solution File, Format Version 12.00
# Visual Studio Version 17
VisualStudioVersion = 17.8.34525.116
MinimumVisualStudioVersion = 10.0.40219.1
Project("{FAE04EC0-301F-11D3-BF4B-00C04F79EFBC}") = "Pixsys.Library.Token.TokenManager", "Pixsys.Library.Token.TokenManager\Pixsys.Library.Token.TokenManager.csproj", "{CBD01F58-81CC-4CC4-8E71-2507E62B739D}"
EndProject
Global
	GlobalSection(SolutionConfigurationPlatforms) = preSolution
		Debug|Any CPU = Debug|Any CPU
		Release|Any CPU = Release|Any CPU
	EndGlobalSection
	GlobalSection(ProjectConfigurationPlatforms) = postSolution
		{CBD01F58-81CC-4CC4-8E71-2507E62B739D}.Debug|Any CPU.ActiveCfg = Debug|Any CPU
		{CBD01F58-81CC-4CC4-8E71-2507E62B739D}.Debug|Any CPU.Build.0 = Debug|Any CPU
		{CBD01F58-81CC-4CC4-8E71-2507E62B739D}.Release|Any CPU.ActiveCfg = Release|Any CPU
		{CBD01F58-81CC-4CC4-8E71-2507E62B739D}.Release|Any CPU.Build.0 = Release|Any CPU
	EndGlobalSection
	GlobalSection(SolutionProperties) = preSolution
		HideSolutionNode = FALSE
	EndGlobalSection
	GlobalSection(ExtensibilityGlobals) = postSolution
		SolutionGuid = {6E2599F8-3358-4520-9E8A-B231F19BEA4B}
	EndGlobalSection
EndGlobal
